
Microsoft Visual Studio Solution File, Format Version 12.00
# Visual Studio Version 17
VisualStudioVersion = 17.6.33723.286
MinimumVisualStudioVersion = 10.0.40219.1
Project("{FAE04EC0-301F-11D3-BF4B-00C04F79EFBC}") = "Zamanlayicibugfix", "Zamanlayicibugfix\Zamanlayicibugfix.csproj", "{99CB4C78-855E-4AFA-BCEE-4A156B78CDAC}"
EndProject
Global
	GlobalSection(SolutionConfigurationPlatforms) = preSolution
		Debug|Any CPU = Debug|Any CPU
		Release|Any CPU = Release|Any CPU
	EndGlobalSection
	GlobalSection(ProjectConfigurationPlatforms) = postSolution
		{99CB4C78-855E-4AFA-BCEE-4A156B78CDAC}.Debug|Any CPU.ActiveCfg = Debug|Any CPU
		{99CB4C78-855E-4AFA-BCEE-4A156B78CDAC}.Debug|Any CPU.Build.0 = Debug|Any CPU
		{99CB4C78-855E-4AFA-BCEE-4A156B78CDAC}.Release|Any CPU.ActiveCfg = Release|Any CPU
		{99CB4C78-855E-4AFA-BCEE-4A156B78CDAC}.Release|Any CPU.Build.0 = Release|Any CPU
	EndGlobalSection
	GlobalSection(SolutionProperties) = preSolution
		HideSolutionNode = FALSE
	EndGlobalSection
	GlobalSection(ExtensibilityGlobals) = postSolution
		SolutionGuid = {C24E61A7-F1C8-4D82-B9D6-970EC9E3D093}
	EndGlobalSection
EndGlobal
